
Microsoft Visual Studio Solution File, Format Version 12.00
# Visual Studio Version 17
VisualStudioVersion = 17.9.34701.34
MinimumVisualStudioVersion = 10.0.40219.1
Project("{FAE04EC0-301F-11D3-BF4B-00C04F79EFBC}") = "cepedi-mvc-keycloak", "cepedi-mvc-keycloak\cepedi-mvc-keycloak.csproj", "{A570C3D9-63A2-46E4-98DD-5589C2C40700}"
EndProject
Global
	GlobalSection(SolutionConfigurationPlatforms) = preSolution
		Debug|Any CPU = Debug|Any CPU
		Release|Any CPU = Release|Any CPU
	EndGlobalSection
	GlobalSection(ProjectConfigurationPlatforms) = postSolution
		{A570C3D9-63A2-46E4-98DD-5589C2C40700}.Debug|Any CPU.ActiveCfg = Debug|Any CPU
		{A570C3D9-63A2-46E4-98DD-5589C2C40700}.Debug|Any CPU.Build.0 = Debug|Any CPU
		{A570C3D9-63A2-46E4-98DD-5589C2C40700}.Release|Any CPU.ActiveCfg = Release|Any CPU
		{A570C3D9-63A2-46E4-98DD-5589C2C40700}.Release|Any CPU.Build.0 = Release|Any CPU
	EndGlobalSection
	GlobalSection(SolutionProperties) = preSolution
		HideSolutionNode = FALSE
	EndGlobalSection
	GlobalSection(ExtensibilityGlobals) = postSolution
		SolutionGuid = {0CD94935-1680-4A74-A3D9-D57A65A976EB}
	EndGlobalSection
EndGlobal
